// !$*UTF8*$!
{
	archiveVersion = 1;
	classes = {
	};
	objectVersion = 50;
	objects = {

/* Begin PBXBuildFile section */
		8173B65F215451210048D592 /* MovieDetailVC.swift in Sources */ = {isa = PBXBuildFile; fileRef = 8173B65E215451210048D592 /* MovieDetailVC.swift */; };
		8173B661215457670048D592 /* PosterCell.swift in Sources */ = {isa = PBXBuildFile; fileRef = 8173B660215457670048D592 /* PosterCell.swift */; };
		8173B663215457B60048D592 /* SuperHeroVC.swift in Sources */ = {isa = PBXBuildFile; fileRef = 8173B662215457B60048D592 /* SuperHeroVC.swift */; };
		81CA0D762152E4340032E446 /* AppDelegate.swift in Sources */ = {isa = PBXBuildFile; fileRef = 81CA0D752152E4340032E446 /* AppDelegate.swift */; };
		81CA0D7B2152E4340032E446 /* Main.storyboard in Resources */ = {isa = PBXBuildFile; fileRef = 81CA0D792152E4340032E446 /* Main.storyboard */; };
		81CA0D7D2152E4350032E446 /* Assets.xcassets in Resources */ = {isa = PBXBuildFile; fileRef = 81CA0D7C2152E4350032E446 /* Assets.xcassets */; };
		81CA0D802152E4350032E446 /* LaunchScreen.storyboard in Resources */ = {isa = PBXBuildFile; fileRef = 81CA0D7E2152E4350032E446 /* LaunchScreen.storyboard */; };
		81CA0D8B2152EC120032E446 /* NowPlayingVC.swift in Sources */ = {isa = PBXBuildFile; fileRef = 81CA0D8A2152EC120032E446 /* NowPlayingVC.swift */; };
		81CA0D8D2152ECBC0032E446 /* MovieCell.swift in Sources */ = {isa = PBXBuildFile; fileRef = 81CA0D8C2152ECBC0032E446 /* MovieCell.swift */; };
		E8C0E4A18F1059A608768484 /* Pods_Flix.framework in Frameworks */ = {isa = PBXBuildFile; fileRef = 7E87C65D1F417C6EC09DCA0D /* Pods_Flix.framework */; };
/* End PBXBuildFile section */

/* Begin PBXFileReference section */
		3C8289BE01AC060A4F62A417 /* Pods-Flix.release.xcconfig */ = {isa = PBXFileReference; includeInIndex = 1; lastKnownFileType = text.xcconfig; name = "Pods-Flix.release.xcconfig"; path = "Pods/Target Support Files/Pods-Flix/Pods-Flix.release.xcconfig"; sourceTree = "<group>"; };
		7E87C65D1F417C6EC09DCA0D /* Pods_Flix.framework */ = {isa = PBXFileReference; explicitFileType = wrapper.framework; includeInIndex = 0; path = Pods_Flix.framework; sourceTree = BUILT_PRODUCTS_DIR; };
		8173B65E215451210048D592 /* MovieDetailVC.swift */ = {isa = PBXFileReference; lastKnownFileType = sourcecode.swift; path = MovieDetailVC.swift; sourceTree = "<group>"; };
		8173B660215457670048D592 /* PosterCell.swift */ = {isa = PBXFileReference; lastKnownFileType = sourcecode.swift; path = PosterCell.swift; sourceTree = "<group>"; };
		8173B662215457B60048D592 /* SuperHeroVC.swift */ = {isa = PBXFileReference; lastKnownFileType = sourcecode.swift; path = SuperHeroVC.swift; sourceTree = "<group>"; };
		81CA0D722152E4340032E446 /* Flix.app */ = {isa = PBXFileReference; explicitFileType = wrapper.application; includeInIndex = 0; path = Flix.app; sourceTree = BUILT_PRODUCTS_DIR; };
		81CA0D752152E4340032E446 /* AppDelegate.swift */ = {isa = PBXFileReference; lastKnownFileType = sourcecode.swift; path = AppDelegate.swift; sourceTree = "<group>"; };
		81CA0D7A2152E4340032E446 /* Base */ = {isa = PBXFileReference; lastKnownFileType = file.storyboard; name = Base; path = Base.lproj/Main.storyboard; sourceTree = "<group>"; };
		81CA0D7C2152E4350032E446 /* Assets.xcassets */ = {isa = PBXFileReference; lastKnownFileType = folder.assetcatalog; path = Assets.xcassets; sourceTree = "<group>"; };
		81CA0D7F2152E4350032E446 /* Base */ = {isa = PBXFileReference; lastKnownFileType = file.storyboard; name = Base; path = Base.lproj/LaunchScreen.storyboard; sourceTree = "<group>"; };
		81CA0D812152E4350032E446 /* Info.plist */ = {isa = PBXFileReference; lastKnownFileType = text.plist.xml; path = Info.plist; sourceTree = "<group>"; };
		81CA0D8A2152EC120032E446 /* NowPlayingVC.swift */ = {isa = PBXFileReference; lastKnownFileType = sourcecode.swift; path = NowPlayingVC.swift; sourceTree = "<group>"; };
		81CA0D8C2152ECBC0032E446 /* MovieCell.swift */ = {isa = PBXFileReference; lastKnownFileType = sourcecode.swift; path = MovieCell.swift; sourceTree = "<group>"; };
		CDC5D404AB02BA544E98045D /* Pods-Flix.debug.xcconfig */ = {isa = PBXFileReference; includeInIndex = 1; lastKnownFileType = text.xcconfig; name = "Pods-Flix.debug.xcconfig"; path = "Pods/Target Support Files/Pods-Flix/Pods-Flix.debug.xcconfig"; sourceTree = "<group>"; };
/* End PBXFileReference section */

/* Begin PBXFrameworksBuildPhase section */
		81CA0D6F2152E4340032E446 /* Frameworks */ = {
			isa = PBXFrameworksBuildPhase;
			buildActionMask = 2147483647;
			files = (
				E8C0E4A18F1059A608768484 /* Pods_Flix.framework in Frameworks */,
			);
			runOnlyForDeploymentPostprocessing = 0;
		};
/* End PBXFrameworksBuildPhase section */

/* Begin PBXGroup section */
		81CA0D692152E4340032E446 = {
			isa = PBXGroup;
			children = (
				81CA0D742152E4340032E446 /* Flix */,
				81CA0D732152E4340032E446 /* Products */,
				94F98C6D60FA1364BD4A3788 /* Pods */,
				F63F034B1DFC7B04B3801C5F /* Frameworks */,
			);
			sourceTree = "<group>";
		};
		81CA0D732152E4340032E446 /* Products */ = {
			isa = PBXGroup;
			children = (
				81CA0D722152E4340032E446 /* Flix.app */,
			);
			name = Products;
			sourceTree = "<group>";
		};
		81CA0D742152E4340032E446 /* Flix */ = {
			isa = PBXGroup;
			children = (
				81CA0D892152EA040032E446 /* Controller */,
				81CA0D882152EA010032E446 /* View */,
				81CA0D872152E9F80032E446 /* Model */,
				81CA0D752152E4340032E446 /* AppDelegate.swift */,
				81CA0D7C2152E4350032E446 /* Assets.xcassets */,
				81CA0D812152E4350032E446 /* Info.plist */,
			);
			path = Flix;
			sourceTree = "<group>";
		};
		81CA0D872152E9F80032E446 /* Model */ = {
			isa = PBXGroup;
			children = (
			);
			path = Model;
			sourceTree = "<group>";
		};
		81CA0D882152EA010032E446 /* View */ = {
			isa = PBXGroup;
			children = (
				81CA0D8C2152ECBC0032E446 /* MovieCell.swift */,
				81CA0D792152E4340032E446 /* Main.storyboard */,
				81CA0D7E2152E4350032E446 /* LaunchScreen.storyboard */,
				8173B660215457670048D592 /* PosterCell.swift */,
			);
			path = View;
			sourceTree = "<group>";
		};
		81CA0D892152EA040032E446 /* Controller */ = {
			isa = PBXGroup;
			children = (
				81CA0D8A2152EC120032E446 /* NowPlayingVC.swift */,
				8173B65E215451210048D592 /* MovieDetailVC.swift */,
				8173B662215457B60048D592 /* SuperHeroVC.swift */,
			);
			path = Controller;
			sourceTree = "<group>";
		};
		94F98C6D60FA1364BD4A3788 /* Pods */ = {
			isa = PBXGroup;
			children = (
				CDC5D404AB02BA544E98045D /* Pods-Flix.debug.xcconfig */,
				3C8289BE01AC060A4F62A417 /* Pods-Flix.release.xcconfig */,
			);
			name = Pods;
			sourceTree = "<group>";
		};
		F63F034B1DFC7B04B3801C5F /* Frameworks */ = {
			isa = PBXGroup;
			children = (
				7E87C65D1F417C6EC09DCA0D /* Pods_Flix.framework */,
			);
			name = Frameworks;
			sourceTree = "<group>";
		};
/* End PBXGroup section */

/* Begin PBXNativeTarget section */
		81CA0D712152E4340032E446 /* Flix */ = {
			isa = PBXNativeTarget;
			buildConfigurationList = 81CA0D842152E4350032E446 /* Build configuration list for PBXNativeTarget "Flix" */;
			buildPhases = (
				61615F2E87A5A5906B0DA2C3 /* [CP] Check Pods Manifest.lock */,
				81CA0D6E2152E4340032E446 /* Sources */,
				81CA0D6F2152E4340032E446 /* Frameworks */,
				81CA0D702152E4340032E446 /* Resources */,
				366D15D8F09FA7BE416081D8 /* [CP] Embed Pods Frameworks */,
			);
			buildRules = (
			);
			dependencies = (
			);
			name = Flix;
			productName = Flix;
			productReference = 81CA0D722152E4340032E446 /* Flix.app */;
			productType = "com.apple.product-type.application";
		};
/* End PBXNativeTarget section */

/* Begin PBXProject section */
		81CA0D6A2152E4340032E446 /* Project object */ = {
			isa = PBXProject;
			attributes = {
				LastSwiftUpdateCheck = 0940;
				LastUpgradeCheck = 0940;
				ORGANIZATIONNAME = "Kashfi Fahim";
				TargetAttributes = {
					81CA0D712152E4340032E446 = {
						CreatedOnToolsVersion = 9.4.1;
					};
				};
			};
			buildConfigurationList = 81CA0D6D2152E4340032E446 /* Build configuration list for PBXProject "Flix" */;
			compatibilityVersion = "Xcode 9.3";
			developmentRegion = en;
			hasScannedForEncodings = 0;
			knownRegions = (
				en,
				Base,
			);
			mainGroup = 81CA0D692152E4340032E446;
			productRefGroup = 81CA0D732152E4340032E446 /* Products */;
			projectDirPath = "";
			projectRoot = "";
			targets = (
				81CA0D712152E4340032E446 /* Flix */,
			);
		};
/* End PBXProject section */

/* Begin PBXResourcesBuildPhase section */
		81CA0D702152E4340032E446 /* Resources */ = {
			isa = PBXResourcesBuildPhase;
			buildActionMask = 2147483647;
			files = (
				81CA0D802152E4350032E446 /* LaunchScreen.storyboard in Resources */,
				81CA0D7D2152E4350032E446 /* Assets.xcassets in Resources */,
				81CA0D7B2152E4340032E446 /* Main.storyboard in Resources */,
			);
			runOnlyForDeploymentPostprocessing = 0;
		};
/* End PBXResourcesBuildPhase section */

/* Begin PBXShellScriptBuildPhase section */
		366D15D8F09FA7BE416081D8 /* [CP] Embed Pods Frameworks */ = {
			isa = PBXShellScriptBuildPhase;
			buildActionMask = 2147483647;
			files = (
			);
			inputPaths = (
				"${SRCROOT}/Pods/Target Support Files/Pods-Flix/Pods-Flix-frameworks.sh",
				"${BUILT_PRODUCTS_DIR}/Alamofire/Alamofire.framework",
				"${BUILT_PRODUCTS_DIR}/AlamofireImage/AlamofireImage.framework",
			);
			name = "[CP] Embed Pods Frameworks";
			outputPaths = (
				"${TARGET_BUILD_DIR}/${FRAMEWORKS_FOLDER_PATH}/Alamofire.framework",
				"${TARGET_BUILD_DIR}/${FRAMEWORKS_FOLDER_PATH}/AlamofireImage.framework",
			);
			runOnlyForDeploymentPostprocessing = 0;
			shellPath = /bin/sh;
			shellScript = "\"${SRCROOT}/Pods/Target Support Files/Pods-Flix/Pods-Flix-frameworks.sh\"\n";
			showEnvVarsInLog = 0;
		};
		61615F2E87A5A5906B0DA2C3 /* [CP] Check Pods Manifest.lock */ = {
			isa = PBXShellScriptBuildPhase;
			buildActionMask = 2147483647;
			files = (
			);
			inputPaths = (
				"${PODS_PODFILE_DIR_PATH}/Podfile.lock",
				"${PODS_ROOT}/Manifest.lock",
			);
			name = "[CP] Check Pods Manifest.lock";
			outputPaths = (
				"$(DERIVED_FILE_DIR)/Pods-Flix-checkManifestLockResult.txt",
			);
			runOnlyForDeploymentPostprocessing = 0;
			shellPath = /bin/sh;
			shellScript = "diff \"${PODS_PODFILE_DIR_PATH}/Podfile.lock\" \"${PODS_ROOT}/Manifest.lock\" > /dev/null\nif [ $? != 0 ] ; then\n    # print error to STDERR\n    echo \"error: The sandbox is not in sync with the Podfile.lock. Run 'pod install' or update your CocoaPods installation.\" >&2\n    exit 1\nfi\n# This output is used by Xcode 'outputs' to avoid re-running this script phase.\necho \"SUCCESS\" > \"${SCRIPT_OUTPUT_FILE_0}\"\n";
			showEnvVarsInLog = 0;
		};
/* End PBXShellScriptBuildPhase section */

/* Begin PBXSourcesBuildPhase section */
		81CA0D6E2152E4340032E446 /* Sources */ = {
			isa = PBXSourcesBuildPhase;
			buildActionMask = 2147483647;
			files = (
				8173B663215457B60048D592 /* SuperHeroVC.swift in Sources */,
				81CA0D8B2152EC120032E446 /* NowPlayingVC.swift in Sources */,
				8173B661215457670048D592 /* PosterCell.swift in Sources */,
				81CA0D762152E4340032E446 /* AppDelegate.swift in Sources */,
				8173B65F215451210048D592 /* MovieDetailVC.swift in Sources */,
				81CA0D8D2152ECBC0032E446 /* MovieCell.swift in Sources */,
			);
			runOnlyForDeploymentPostprocessing = 0;
		};
/* End PBXSourcesBuildPhase section */

/* Begin PBXVariantGroup section */
		81CA0D792152E4340032E446 /* Main.storyboard */ = {
			isa = PBXVariantGroup;
			children = (
				81CA0D7A2152E4340032E446 /* Base */,
			);
			name = Main.storyboard;
			sourceTree = "<group>";
		};
		81CA0D7E2152E4350032E446 /* LaunchScreen.storyboard */ = {
			isa = PBXVariantGroup;
			children = (
				81CA0D7F2152E4350032E446 /* Base */,
			);
			name = LaunchScreen.storyboard;
			sourceTree = "<group>";
		};
/* End PBXVariantGroup section */

/* Begin XCBuildConfiguration section */
		81CA0D822152E4350032E446 /* Debug */ = {
			isa = XCBuildConfiguration;
			buildSettings = {
				ALWAYS_SEARCH_USER_PATHS = NO;
				CLANG_ANALYZER_NONNULL = YES;
				CLANG_ANALYZER_NUMBER_OBJECT_CONVERSION = YES_AGGRESSIVE;
				CLANG_CXX_LANGUAGE_STANDARD = "gnu++14";
				CLANG_CXX_LIBRARY = "libc++";
				CLANG_ENABLE_MODULES = YES;
				CLANG_ENABLE_OBJC_ARC = YES;
				CLANG_ENABLE_OBJC_WEAK = YES;
				CLANG_WARN_BLOCK_CAPTURE_AUTORELEASING = YES;
				CLANG_WARN_BOOL_CONVERSION = YES;
				CLANG_WARN_COMMA = YES;
				CLANG_WARN_CONSTANT_CONVERSION = YES;
				CLANG_WARN_DEPRECATED_OBJC_IMPLEMENTATIONS = YES;
				CLANG_WARN_DIRECT_OBJC_ISA_USAGE = YES_ERROR;
				CLANG_WARN_DOCUMENTATION_COMMENTS = YES;
				CLANG_WARN_EMPTY_BODY = YES;
				CLANG_WARN_ENUM_CONVERSION = YES;
				CLANG_WARN_INFINITE_RECURSION = YES;
				CLANG_WARN_INT_CONVERSION = YES;
				CLANG_WARN_NON_LITERAL_NULL_CONVERSION = YES;
				CLANG_WARN_OBJC_IMPLICIT_RETAIN_SELF = YES;
				CLANG_WARN_OBJC_LITERAL_CONVERSION = YES;
				CLANG_WARN_OBJC_ROOT_CLASS = YES_ERROR;
				CLANG_WARN_RANGE_LOOP_ANALYSIS = YES;
				CLANG_WARN_STRICT_PROTOTYPES = YES;
				CLANG_WARN_SUSPICIOUS_MOVE = YES;
				CLANG_WARN_UNGUARDED_AVAILABILITY = YES_AGGRESSIVE;
				CLANG_WARN_UNREACHABLE_CODE = YES;
				CLANG_WARN__DUPLICATE_METHOD_MATCH = YES;
				CODE_SIGN_IDENTITY = "iPhone Developer";
				COPY_PHASE_STRIP = NO;
				DEBUG_INFORMATION_FORMAT = dwarf;
				ENABLE_STRICT_OBJC_MSGSEND = YES;
				ENABLE_TESTABILITY = YES;
				GCC_C_LANGUAGE_STANDARD = gnu11;
				GCC_DYNAMIC_NO_PIC = NO;
				GCC_NO_COMMON_BLOCKS = YES;
				GCC_OPTIMIZATION_LEVEL = 0;
				GCC_PREPROCESSOR_DEFINITIONS = (
					"DEBUG=1",
					"$(inherited)",
				);
				GCC_WARN_64_TO_32_BIT_CONVERSION = YES;
				GCC_WARN_ABOUT_RETURN_TYPE = YES_ERROR;
				GCC_WARN_UNDECLARED_SELECTOR = YES;
				GCC_WARN_UNINITIALIZED_AUTOS = YES_AGGRESSIVE;
				GCC_WARN_UNUSED_FUNCTION = YES;
				GCC_WARN_UNUSED_VARIABLE = YES;
				IPHONEOS_DEPLOYMENT_TARGET = 11.4;
				MTL_ENABLE_DEBUG_INFO = YES;
				ONLY_ACTIVE_ARCH = YES;
				SDKROOT = iphoneos;
				SWIFT_ACTIVE_COMPILATION_CONDITIONS = DEBUG;
				SWIFT_OPTIMIZATION_LEVEL = "-Onone";
			};
			name = Debug;
		};
		81CA0D832152E4350032E446 /* Release */ = {
			isa = XCBuildConfiguration;
			buildSettings = {
				ALWAYS_SEARCH_USER_PATHS = NO;
				CLANG_ANALYZER_NONNULL = YES;
				CLANG_ANALYZER_NUMBER_OBJECT_CONVERSION = YES_AGGRESSIVE;
				CLANG_CXX_LANGUAGE_STANDARD = "gnu++14";
				CLANG_CXX_LIBRARY = "libc++";
				CLANG_ENABLE_MODULES = YES;
				CLANG_ENABLE_OBJC_ARC = YES;
				CLANG_ENABLE_OBJC_WEAK = YES;
				CLANG_WARN_BLOCK_CAPTURE_AUTORELEASING = YES;
				CLANG_WARN_BOOL_CONVERSION = YES;
				CLANG_WARN_COMMA = YES;
				CLANG_WARN_CONSTANT_CONVERSION = YES;
				CLANG_WARN_DEPRECATED_OBJC_IMPLEMENTATIONS = YES;
				CLANG_WARN_DIRECT_OBJC_ISA_USAGE = YES_ERROR;
				CLANG_WARN_DOCUMENTATION_COMMENTS = YES;
				CLANG_WARN_EMPTY_BODY = YES;
				CLANG_WARN_ENUM_CONVERSION = YES;
				CLANG_WARN_INFINITE_RECURSION = YES;
				CLANG_WARN_INT_CONVERSION = YES;
				CLANG_WARN_NON_LITERAL_NULL_CONVERSION = YES;
				CLANG_WARN_OBJC_IMPLICIT_RETAIN_SELF = YES;
				CLANG_WARN_OBJC_LITERAL_CONVERSION = YES;
				CLANG_WARN_OBJC_ROOT_CLASS = YES_ERROR;
				CLANG_WARN_RANGE_LOOP_ANALYSIS = YES;
				CLANG_WARN_STRICT_PROTOTYPES = YES;
				CLANG_WARN_SUSPICIOUS_MOVE = YES;
				CLANG_WARN_UNGUARDED_AVAILABILITY = YES_AGGRESSIVE;
				CLANG_WARN_UNREACHABLE_CODE = YES;
				CLANG_WARN__DUPLICATE_METHOD_MATCH = YES;
				CODE_SIGN_IDENTITY = "iPhone Developer";
				COPY_PHASE_STRIP = NO;
				DEBUG_INFORMATION_FORMAT = "dwarf-with-dsym";
				ENABLE_NS_ASSERTIONS = NO;
				ENABLE_STRICT_OBJC_MSGSEND = YES;
				GCC_C_LANGUAGE_STANDARD = gnu11;
				GCC_NO_COMMON_BLOCKS = YES;
				GCC_WARN_64_TO_32_BIT_CONVERSION = YES;
				GCC_WARN_ABOUT_RETURN_TYPE = YES_ERROR;
				GCC_WARN_UNDECLARED_SELECTOR = YES;
				GCC_WARN_UNINITIALIZED_AUTOS = YES_AGGRESSIVE;
				GCC_WARN_UNUSED_FUNCTION = YES;
				GCC_WARN_UNUSED_VARIABLE = YES;
				IPHONEOS_DEPLOYMENT_TARGET = 11.4;
				MTL_ENABLE_DEBUG_INFO = NO;
				SDKROOT = iphoneos;
				SWIFT_COMPILATION_MODE = wholemodule;
				SWIFT_OPTIMIZATION_LEVEL = "-O";
				VALIDATE_PRODUCT = YES;
			};
			name = Release;
		};
		81CA0D852152E4350032E446 /* Debug */ = {
			isa = XCBuildConfiguration;
			baseConfigurationReference = CDC5D404AB02BA544E98045D /* Pods-Flix.debug.xcconfig */;
			buildSettings = {
				ASSETCATALOG_COMPILER_APPICON_NAME = AppIcon;
				CODE_SIGN_STYLE = Automatic;
				DEVELOPMENT_TEAM = SYA9T3Q2ZS;
				INFOPLIST_FILE = Flix/Info.plist;
				LD_RUNPATH_SEARCH_PATHS = (
					"$(inherited)",
					"@executable_path/Frameworks",
				);
				PRODUCT_BUNDLE_IDENTIFIER = com.KashfiFahim.Flix;
				PRODUCT_NAME = "$(TARGET_NAME)";
				SWIFT_VERSION = 4.0;
				TARGETED_DEVICE_FAMILY = "1,2";
			};
			name = Debug;
		};
		81CA0D862152E4350032E446 /* Release */ = {
			isa = XCBuildConfiguration;
			baseConfigurationReference = 3C8289BE01AC060A4F62A417 /* Pods-Flix.release.xcconfig */;
			buildSettings = {
				ASSETCATALOG_COMPILER_APPICON_NAME = AppIcon;
				CODE_SIGN_STYLE = Automatic;
				DEVELOPMENT_TEAM = SYA9T3Q2ZS;
				INFOPLIST_FILE = Flix/Info.plist;
				LD_RUNPATH_SEARCH_PATHS = (
					"$(inherited)",
					"@executable_path/Frameworks",
				);
				PRODUCT_BUNDLE_IDENTIFIER = com.KashfiFahim.Flix;
				PRODUCT_NAME = "$(TARGET_NAME)";
				SWIFT_VERSION = 4.0;
				TARGETED_DEVICE_FAMILY = "1,2";
			};
			name = Release;
		};
/* End XCBuildConfiguration section */

/* Begin XCConfigurationList section */
		81CA0D6D2152E4340032E446 /* Build configuration list for PBXProject "Flix" */ = {
			isa = XCConfigurationList;
			buildConfigurations = (
				81CA0D822152E4350032E446 /* Debug */,
				81CA0D832152E4350032E446 /* Release */,
			);
			defaultConfigurationIsVisible = 0;
			defaultConfigurationName = Release;
		};
		81CA0D842152E4350032E446 /* Build configuration list for PBXNativeTarget "Flix" */ = {
			isa = XCConfigurationList;
			buildConfigurations = (
				81CA0D852152E4350032E446 /* Debug */,
				81CA0D862152E4350032E446 /* Release */,
			);
			defaultConfigurationIsVisible = 0;
			defaultConfigurationName = Release;
		};
/* End XCConfigurationList section */
	};
	rootObject = 81CA0D6A2152E4340032E446 /* Project object */;
}
