// !$*UTF8*$!
{
	archiveVersion = 1;
	classes = {
	};
	objectVersion = 50;
	objects = {

/* Begin PBXBuildFile section */
		AA838270220C73AE00AAADFE /* AppDelegate.swift in Sources */ = {isa = PBXBuildFile; fileRef = AA83826F220C73AE00AAADFE /* AppDelegate.swift */; };
		AA838275220C73AE00AAADFE /* Main.storyboard in Resources */ = {isa = PBXBuildFile; fileRef = AA838273220C73AE00AAADFE /* Main.storyboard */; };
		AA838277220C73AF00AAADFE /* Assets.xcassets in Resources */ = {isa = PBXBuildFile; fileRef = AA838276220C73AF00AAADFE /* Assets.xcassets */; };
		AA83827A220C73AF00AAADFE /* LaunchScreen.storyboard in Resources */ = {isa = PBXBuildFile; fileRef = AA838278220C73AF00AAADFE /* LaunchScreen.storyboard */; };
		AA838285220C73AF00AAADFE /* TumblrTests.swift in Sources */ = {isa = PBXBuildFile; fileRef = AA838284220C73AF00AAADFE /* TumblrTests.swift */; };
		AA838290220C73AF00AAADFE /* TumblrUITests.swift in Sources */ = {isa = PBXBuildFile; fileRef = AA83828F220C73AF00AAADFE /* TumblrUITests.swift */; };
		AA83829E220C741600AAADFE /* PhotosViewController.swift in Sources */ = {isa = PBXBuildFile; fileRef = AA83829D220C741600AAADFE /* PhotosViewController.swift */; };
/* End PBXBuildFile section */

/* Begin PBXContainerItemProxy section */
		AA838281220C73AF00AAADFE /* PBXContainerItemProxy */ = {
			isa = PBXContainerItemProxy;
			containerPortal = AA838264220C73AE00AAADFE /* Project object */;
			proxyType = 1;
			remoteGlobalIDString = AA83826B220C73AE00AAADFE;
			remoteInfo = Tumblr;
		};
		AA83828C220C73AF00AAADFE /* PBXContainerItemProxy */ = {
			isa = PBXContainerItemProxy;
			containerPortal = AA838264220C73AE00AAADFE /* Project object */;
			proxyType = 1;
			remoteGlobalIDString = AA83826B220C73AE00AAADFE;
			remoteInfo = Tumblr;
		};
/* End PBXContainerItemProxy section */

/* Begin PBXFileReference section */
		AA83826C220C73AE00AAADFE /* Tumblr.app */ = {isa = PBXFileReference; explicitFileType = wrapper.application; includeInIndex = 0; path = Tumblr.app; sourceTree = BUILT_PRODUCTS_DIR; };
		AA83826F220C73AE00AAADFE /* AppDelegate.swift */ = {isa = PBXFileReference; lastKnownFileType = sourcecode.swift; path = AppDelegate.swift; sourceTree = "<group>"; };
		AA838274220C73AE00AAADFE /* Base */ = {isa = PBXFileReference; lastKnownFileType = file.storyboard; name = Base; path = Base.lproj/Main.storyboard; sourceTree = "<group>"; };
		AA838276220C73AF00AAADFE /* Assets.xcassets */ = {isa = PBXFileReference; lastKnownFileType = folder.assetcatalog; path = Assets.xcassets; sourceTree = "<group>"; };
		AA838279220C73AF00AAADFE /* Base */ = {isa = PBXFileReference; lastKnownFileType = file.storyboard; name = Base; path = Base.lproj/LaunchScreen.storyboard; sourceTree = "<group>"; };
		AA83827B220C73AF00AAADFE /* Info.plist */ = {isa = PBXFileReference; lastKnownFileType = text.plist.xml; path = Info.plist; sourceTree = "<group>"; };
		AA838280220C73AF00AAADFE /* TumblrTests.xctest */ = {isa = PBXFileReference; explicitFileType = wrapper.cfbundle; includeInIndex = 0; path = TumblrTests.xctest; sourceTree = BUILT_PRODUCTS_DIR; };
		AA838284220C73AF00AAADFE /* TumblrTests.swift */ = {isa = PBXFileReference; lastKnownFileType = sourcecode.swift; path = TumblrTests.swift; sourceTree = "<group>"; };
		AA838286220C73AF00AAADFE /* Info.plist */ = {isa = PBXFileReference; lastKnownFileType = text.plist.xml; path = Info.plist; sourceTree = "<group>"; };
		AA83828B220C73AF00AAADFE /* TumblrUITests.xctest */ = {isa = PBXFileReference; explicitFileType = wrapper.cfbundle; includeInIndex = 0; path = TumblrUITests.xctest; sourceTree = BUILT_PRODUCTS_DIR; };
		AA83828F220C73AF00AAADFE /* TumblrUITests.swift */ = {isa = PBXFileReference; lastKnownFileType = sourcecode.swift; path = TumblrUITests.swift; sourceTree = "<group>"; };
		AA838291220C73AF00AAADFE /* Info.plist */ = {isa = PBXFileReference; lastKnownFileType = text.plist.xml; path = Info.plist; sourceTree = "<group>"; };
		AA83829D220C741600AAADFE /* PhotosViewController.swift */ = {isa = PBXFileReference; lastKnownFileType = sourcecode.swift; path = PhotosViewController.swift; sourceTree = "<group>"; };
/* End PBXFileReference section */

/* Begin PBXFrameworksBuildPhase section */
		AA838269220C73AE00AAADFE /* Frameworks */ = {
			isa = PBXFrameworksBuildPhase;
			buildActionMask = 2147483647;
			files = (
			);
			runOnlyForDeploymentPostprocessing = 0;
		};
		AA83827D220C73AF00AAADFE /* Frameworks */ = {
			isa = PBXFrameworksBuildPhase;
			buildActionMask = 2147483647;
			files = (
			);
			runOnlyForDeploymentPostprocessing = 0;
		};
		AA838288220C73AF00AAADFE /* Frameworks */ = {
			isa = PBXFrameworksBuildPhase;
			buildActionMask = 2147483647;
			files = (
			);
			runOnlyForDeploymentPostprocessing = 0;
		};
/* End PBXFrameworksBuildPhase section */

/* Begin PBXGroup section */
		AA838263220C73AE00AAADFE = {
			isa = PBXGroup;
			children = (
				AA83826E220C73AE00AAADFE /* Tumblr */,
				AA838283220C73AF00AAADFE /* TumblrTests */,
				AA83828E220C73AF00AAADFE /* TumblrUITests */,
				AA83826D220C73AE00AAADFE /* Products */,
			);
			sourceTree = "<group>";
		};
		AA83826D220C73AE00AAADFE /* Products */ = {
			isa = PBXGroup;
			children = (
				AA83826C220C73AE00AAADFE /* Tumblr.app */,
				AA838280220C73AF00AAADFE /* TumblrTests.xctest */,
				AA83828B220C73AF00AAADFE /* TumblrUITests.xctest */,
			);
			name = Products;
			sourceTree = "<group>";
		};
		AA83826E220C73AE00AAADFE /* Tumblr */ = {
			isa = PBXGroup;
			children = (
				AA83829D220C741600AAADFE /* PhotosViewController.swift */,
				AA83826F220C73AE00AAADFE /* AppDelegate.swift */,
				AA838273220C73AE00AAADFE /* Main.storyboard */,
				AA838276220C73AF00AAADFE /* Assets.xcassets */,
				AA838278220C73AF00AAADFE /* LaunchScreen.storyboard */,
				AA83827B220C73AF00AAADFE /* Info.plist */,
			);
			path = Tumblr;
			sourceTree = "<group>";
		};
		AA838283220C73AF00AAADFE /* TumblrTests */ = {
			isa = PBXGroup;
			children = (
				AA838284220C73AF00AAADFE /* TumblrTests.swift */,
				AA838286220C73AF00AAADFE /* Info.plist */,
			);
			path = TumblrTests;
			sourceTree = "<group>";
		};
		AA83828E220C73AF00AAADFE /* TumblrUITests */ = {
			isa = PBXGroup;
			children = (
				AA83828F220C73AF00AAADFE /* TumblrUITests.swift */,
				AA838291220C73AF00AAADFE /* Info.plist */,
			);
			path = TumblrUITests;
			sourceTree = "<group>";
		};
/* End PBXGroup section */

/* Begin PBXNativeTarget section */
		AA83826B220C73AE00AAADFE /* Tumblr */ = {
			isa = PBXNativeTarget;
			buildConfigurationList = AA838294220C73AF00AAADFE /* Build configuration list for PBXNativeTarget "Tumblr" */;
			buildPhases = (
				AA838268220C73AE00AAADFE /* Sources */,
				AA838269220C73AE00AAADFE /* Frameworks */,
				AA83826A220C73AE00AAADFE /* Resources */,
			);
			buildRules = (
			);
			dependencies = (
			);
			name = Tumblr;
			productName = Tumblr;
			productReference = AA83826C220C73AE00AAADFE /* Tumblr.app */;
			productType = "com.apple.product-type.application";
		};
		AA83827F220C73AF00AAADFE /* TumblrTests */ = {
			isa = PBXNativeTarget;
			buildConfigurationList = AA838297220C73AF00AAADFE /* Build configuration list for PBXNativeTarget "TumblrTests" */;
			buildPhases = (
				AA83827C220C73AF00AAADFE /* Sources */,
				AA83827D220C73AF00AAADFE /* Frameworks */,
				AA83827E220C73AF00AAADFE /* Resources */,
			);
			buildRules = (
			);
			dependencies = (
				AA838282220C73AF00AAADFE /* PBXTargetDependency */,
			);
			name = TumblrTests;
			productName = TumblrTests;
			productReference = AA838280220C73AF00AAADFE /* TumblrTests.xctest */;
			productType = "com.apple.product-type.bundle.unit-test";
		};
		AA83828A220C73AF00AAADFE /* TumblrUITests */ = {
			isa = PBXNativeTarget;
			buildConfigurationList = AA83829A220C73AF00AAADFE /* Build configuration list for PBXNativeTarget "TumblrUITests" */;
			buildPhases = (
				AA838287220C73AF00AAADFE /* Sources */,
				AA838288220C73AF00AAADFE /* Frameworks */,
				AA838289220C73AF00AAADFE /* Resources */,
			);
			buildRules = (
			);
			dependencies = (
				AA83828D220C73AF00AAADFE /* PBXTargetDependency */,
			);
			name = TumblrUITests;
			productName = TumblrUITests;
			productReference = AA83828B220C73AF00AAADFE /* TumblrUITests.xctest */;
			productType = "com.apple.product-type.bundle.ui-testing";
		};
/* End PBXNativeTarget section */

/* Begin PBXProject section */
		AA838264220C73AE00AAADFE /* Project object */ = {
			isa = PBXProject;
			attributes = {
				LastSwiftUpdateCheck = 1010;
				LastUpgradeCheck = 1010;
				ORGANIZATIONNAME = "Yasin Ehsan";
				TargetAttributes = {
					AA83826B220C73AE00AAADFE = {
						CreatedOnToolsVersion = 10.1;
					};
					AA83827F220C73AF00AAADFE = {
						CreatedOnToolsVersion = 10.1;
						TestTargetID = AA83826B220C73AE00AAADFE;
					};
					AA83828A220C73AF00AAADFE = {
						CreatedOnToolsVersion = 10.1;
						TestTargetID = AA83826B220C73AE00AAADFE;
					};
				};
			};
			buildConfigurationList = AA838267220C73AE00AAADFE /* Build configuration list for PBXProject "Tumblr" */;
			compatibilityVersion = "Xcode 9.3";
			developmentRegion = en;
			hasScannedForEncodings = 0;
			knownRegions = (
				en,
				Base,
			);
			mainGroup = AA838263220C73AE00AAADFE;
			productRefGroup = AA83826D220C73AE00AAADFE /* Products */;
			projectDirPath = "";
			projectRoot = "";
			targets = (
				AA83826B220C73AE00AAADFE /* Tumblr */,
				AA83827F220C73AF00AAADFE /* TumblrTests */,
				AA83828A220C73AF00AAADFE /* TumblrUITests */,
			);
		};
/* End PBXProject section */

/* Begin PBXResourcesBuildPhase section */
		AA83826A220C73AE00AAADFE /* Resources */ = {
			isa = PBXResourcesBuildPhase;
			buildActionMask = 2147483647;
			files = (
				AA83827A220C73AF00AAADFE /* LaunchScreen.storyboard in Resources */,
				AA838277220C73AF00AAADFE /* Assets.xcassets in Resources */,
				AA838275220C73AE00AAADFE /* Main.storyboard in Resources */,
			);
			runOnlyForDeploymentPostprocessing = 0;
		};
		AA83827E220C73AF00AAADFE /* Resources */ = {
			isa = PBXResourcesBuildPhase;
			buildActionMask = 2147483647;
			files = (
			);
			runOnlyForDeploymentPostprocessing = 0;
		};
		AA838289220C73AF00AAADFE /* Resources */ = {
			isa = PBXResourcesBuildPhase;
			buildActionMask = 2147483647;
			files = (
			);
			runOnlyForDeploymentPostprocessing = 0;
		};
/* End PBXResourcesBuildPhase section */

/* Begin PBXSourcesBuildPhase section */
		AA838268220C73AE00AAADFE /* Sources */ = {
			isa = PBXSourcesBuildPhase;
			buildActionMask = 2147483647;
			files = (
				AA838270220C73AE00AAADFE /* AppDelegate.swift in Sources */,
				AA83829E220C741600AAADFE /* PhotosViewController.swift in Sources */,
			);
			runOnlyForDeploymentPostprocessing = 0;
		};
		AA83827C220C73AF00AAADFE /* Sources */ = {
			isa = PBXSourcesBuildPhase;
			buildActionMask = 2147483647;
			files = (
				AA838285220C73AF00AAADFE /* TumblrTests.swift in Sources */,
			);
			runOnlyForDeploymentPostprocessing = 0;
		};
		AA838287220C73AF00AAADFE /* Sources */ = {
			isa = PBXSourcesBuildPhase;
			buildActionMask = 2147483647;
			files = (
				AA838290220C73AF00AAADFE /* TumblrUITests.swift in Sources */,
			);
			runOnlyForDeploymentPostprocessing = 0;
		};
/* End PBXSourcesBuildPhase section */

/* Begin PBXTargetDependency section */
		AA838282220C73AF00AAADFE /* PBXTargetDependency */ = {
			isa = PBXTargetDependency;
			target = AA83826B220C73AE00AAADFE /* Tumblr */;
			targetProxy = AA838281220C73AF00AAADFE /* PBXContainerItemProxy */;
		};
		AA83828D220C73AF00AAADFE /* PBXTargetDependency */ = {
			isa = PBXTargetDependency;
			target = AA83826B220C73AE00AAADFE /* Tumblr */;
			targetProxy = AA83828C220C73AF00AAADFE /* PBXContainerItemProxy */;
		};
/* End PBXTargetDependency section */

/* Begin PBXVariantGroup section */
		AA838273220C73AE00AAADFE /* Main.storyboard */ = {
			isa = PBXVariantGroup;
			children = (
				AA838274220C73AE00AAADFE /* Base */,
			);
			name = Main.storyboard;
			sourceTree = "<group>";
		};
		AA838278220C73AF00AAADFE /* LaunchScreen.storyboard */ = {
			isa = PBXVariantGroup;
			children = (
				AA838279220C73AF00AAADFE /* Base */,
			);
			name = LaunchScreen.storyboard;
			sourceTree = "<group>";
		};
/* End PBXVariantGroup section */

/* Begin XCBuildConfiguration section */
		AA838292220C73AF00AAADFE /* Debug */ = {
			isa = XCBuildConfiguration;
			buildSettings = {
				ALWAYS_SEARCH_USER_PATHS = NO;
				CLANG_ANALYZER_NONNULL = YES;
				CLANG_ANALYZER_NUMBER_OBJECT_CONVERSION = YES_AGGRESSIVE;
				CLANG_CXX_LANGUAGE_STANDARD = "gnu++14";
				CLANG_CXX_LIBRARY = "libc++";
				CLANG_ENABLE_MODULES = YES;
				CLANG_ENABLE_OBJC_ARC = YES;
				CLANG_ENABLE_OBJC_WEAK = YES;
				CLANG_WARN_BLOCK_CAPTURE_AUTORELEASING = YES;
				CLANG_WARN_BOOL_CONVERSION = YES;
				CLANG_WARN_COMMA = YES;
				CLANG_WARN_CONSTANT_CONVERSION = YES;
				CLANG_WARN_DEPRECATED_OBJC_IMPLEMENTATIONS = YES;
				CLANG_WARN_DIRECT_OBJC_ISA_USAGE = YES_ERROR;
				CLANG_WARN_DOCUMENTATION_COMMENTS = YES;
				CLANG_WARN_EMPTY_BODY = YES;
				CLANG_WARN_ENUM_CONVERSION = YES;
				CLANG_WARN_INFINITE_RECURSION = YES;
				CLANG_WARN_INT_CONVERSION = YES;
				CLANG_WARN_NON_LITERAL_NULL_CONVERSION = YES;
				CLANG_WARN_OBJC_IMPLICIT_RETAIN_SELF = YES;
				CLANG_WARN_OBJC_LITERAL_CONVERSION = YES;
				CLANG_WARN_OBJC_ROOT_CLASS = YES_ERROR;
				CLANG_WARN_RANGE_LOOP_ANALYSIS = YES;
				CLANG_WARN_STRICT_PROTOTYPES = YES;
				CLANG_WARN_SUSPICIOUS_MOVE = YES;
				CLANG_WARN_UNGUARDED_AVAILABILITY = YES_AGGRESSIVE;
				CLANG_WARN_UNREACHABLE_CODE = YES;
				CLANG_WARN__DUPLICATE_METHOD_MATCH = YES;
				CODE_SIGN_IDENTITY = "iPhone Developer";
				COPY_PHASE_STRIP = NO;
				DEBUG_INFORMATION_FORMAT = dwarf;
				ENABLE_STRICT_OBJC_MSGSEND = YES;
				ENABLE_TESTABILITY = YES;
				GCC_C_LANGUAGE_STANDARD = gnu11;
				GCC_DYNAMIC_NO_PIC = NO;
				GCC_NO_COMMON_BLOCKS = YES;
				GCC_OPTIMIZATION_LEVEL = 0;
				GCC_PREPROCESSOR_DEFINITIONS = (
					"DEBUG=1",
					"$(inherited)",
				);
				GCC_WARN_64_TO_32_BIT_CONVERSION = YES;
				GCC_WARN_ABOUT_RETURN_TYPE = YES_ERROR;
				GCC_WARN_UNDECLARED_SELECTOR = YES;
				GCC_WARN_UNINITIALIZED_AUTOS = YES_AGGRESSIVE;
				GCC_WARN_UNUSED_FUNCTION = YES;
				GCC_WARN_UNUSED_VARIABLE = YES;
				IPHONEOS_DEPLOYMENT_TARGET = 12.1;
				MTL_ENABLE_DEBUG_INFO = INCLUDE_SOURCE;
				MTL_FAST_MATH = YES;
				ONLY_ACTIVE_ARCH = YES;
				SDKROOT = iphoneos;
				SWIFT_ACTIVE_COMPILATION_CONDITIONS = DEBUG;
				SWIFT_OPTIMIZATION_LEVEL = "-Onone";
			};
			name = Debug;
		};
		AA838293220C73AF00AAADFE /* Release */ = {
			isa = XCBuildConfiguration;
			buildSettings = {
				ALWAYS_SEARCH_USER_PATHS = NO;
				CLANG_ANALYZER_NONNULL = YES;
				CLANG_ANALYZER_NUMBER_OBJECT_CONVERSION = YES_AGGRESSIVE;
				CLANG_CXX_LANGUAGE_STANDARD = "gnu++14";
				CLANG_CXX_LIBRARY = "libc++";
				CLANG_ENABLE_MODULES = YES;
				CLANG_ENABLE_OBJC_ARC = YES;
				CLANG_ENABLE_OBJC_WEAK = YES;
				CLANG_WARN_BLOCK_CAPTURE_AUTORELEASING = YES;
				CLANG_WARN_BOOL_CONVERSION = YES;
				CLANG_WARN_COMMA = YES;
				CLANG_WARN_CONSTANT_CONVERSION = YES;
				CLANG_WARN_DEPRECATED_OBJC_IMPLEMENTATIONS = YES;
				CLANG_WARN_DIRECT_OBJC_ISA_USAGE = YES_ERROR;
				CLANG_WARN_DOCUMENTATION_COMMENTS = YES;
				CLANG_WARN_EMPTY_BODY = YES;
				CLANG_WARN_ENUM_CONVERSION = YES;
				CLANG_WARN_INFINITE_RECURSION = YES;
				CLANG_WARN_INT_CONVERSION = YES;
				CLANG_WARN_NON_LITERAL_NULL_CONVERSION = YES;
				CLANG_WARN_OBJC_IMPLICIT_RETAIN_SELF = YES;
				CLANG_WARN_OBJC_LITERAL_CONVERSION = YES;
				CLANG_WARN_OBJC_ROOT_CLASS = YES_ERROR;
				CLANG_WARN_RANGE_LOOP_ANALYSIS = YES;
				CLANG_WARN_STRICT_PROTOTYPES = YES;
				CLANG_WARN_SUSPICIOUS_MOVE = YES;
				CLANG_WARN_UNGUARDED_AVAILABILITY = YES_AGGRESSIVE;
				CLANG_WARN_UNREACHABLE_CODE = YES;
				CLANG_WARN__DUPLICATE_METHOD_MATCH = YES;
				CODE_SIGN_IDENTITY = "iPhone Developer";
				COPY_PHASE_STRIP = NO;
				DEBUG_INFORMATION_FORMAT = "dwarf-with-dsym";
				ENABLE_NS_ASSERTIONS = NO;
				ENABLE_STRICT_OBJC_MSGSEND = YES;
				GCC_C_LANGUAGE_STANDARD = gnu11;
				GCC_NO_COMMON_BLOCKS = YES;
				GCC_WARN_64_TO_32_BIT_CONVERSION = YES;
				GCC_WARN_ABOUT_RETURN_TYPE = YES_ERROR;
				GCC_WARN_UNDECLARED_SELECTOR = YES;
				GCC_WARN_UNINITIALIZED_AUTOS = YES_AGGRESSIVE;
				GCC_WARN_UNUSED_FUNCTION = YES;
				GCC_WARN_UNUSED_VARIABLE = YES;
				IPHONEOS_DEPLOYMENT_TARGET = 12.1;
				MTL_ENABLE_DEBUG_INFO = NO;
				MTL_FAST_MATH = YES;
				SDKROOT = iphoneos;
				SWIFT_COMPILATION_MODE = wholemodule;
				SWIFT_OPTIMIZATION_LEVEL = "-O";
				VALIDATE_PRODUCT = YES;
			};
			name = Release;
		};
		AA838295220C73AF00AAADFE /* Debug */ = {
			isa = XCBuildConfiguration;
			buildSettings = {
				ASSETCATALOG_COMPILER_APPICON_NAME = AppIcon;
				CODE_SIGN_STYLE = Automatic;
				INFOPLIST_FILE = Tumblr/Info.plist;
				LD_RUNPATH_SEARCH_PATHS = (
					"$(inherited)",
					"@executable_path/Frameworks",
				);
				PRODUCT_BUNDLE_IDENTIFIER = com.yasinehsan.Tumblr;
				PRODUCT_NAME = "$(TARGET_NAME)";
				SWIFT_VERSION = 4.2;
				TARGETED_DEVICE_FAMILY = "1,2";
			};
			name = Debug;
		};
		AA838296220C73AF00AAADFE /* Release */ = {
			isa = XCBuildConfiguration;
			buildSettings = {
				ASSETCATALOG_COMPILER_APPICON_NAME = AppIcon;
				CODE_SIGN_STYLE = Automatic;
				INFOPLIST_FILE = Tumblr/Info.plist;
				LD_RUNPATH_SEARCH_PATHS = (
					"$(inherited)",
					"@executable_path/Frameworks",
				);
				PRODUCT_BUNDLE_IDENTIFIER = com.yasinehsan.Tumblr;
				PRODUCT_NAME = "$(TARGET_NAME)";
				SWIFT_VERSION = 4.2;
				TARGETED_DEVICE_FAMILY = "1,2";
			};
			name = Release;
		};
		AA838298220C73AF00AAADFE /* Debug */ = {
			isa = XCBuildConfiguration;
			buildSettings = {
				ALWAYS_EMBED_SWIFT_STANDARD_LIBRARIES = YES;
				BUNDLE_LOADER = "$(TEST_HOST)";
				CODE_SIGN_STYLE = Automatic;
				INFOPLIST_FILE = TumblrTests/Info.plist;
				LD_RUNPATH_SEARCH_PATHS = (
					"$(inherited)",
					"@executable_path/Frameworks",
					"@loader_path/Frameworks",
				);
				PRODUCT_BUNDLE_IDENTIFIER = com.yasinehsan.TumblrTests;
				PRODUCT_NAME = "$(TARGET_NAME)";
				SWIFT_VERSION = 4.2;
				TARGETED_DEVICE_FAMILY = "1,2";
				TEST_HOST = "$(BUILT_PRODUCTS_DIR)/Tumblr.app/Tumblr";
			};
			name = Debug;
		};
		AA838299220C73AF00AAADFE /* Release */ = {
			isa = XCBuildConfiguration;
			buildSettings = {
				ALWAYS_EMBED_SWIFT_STANDARD_LIBRARIES = YES;
				BUNDLE_LOADER = "$(TEST_HOST)";
				CODE_SIGN_STYLE = Automatic;
				INFOPLIST_FILE = TumblrTests/Info.plist;
				LD_RUNPATH_SEARCH_PATHS = (
					"$(inherited)",
					"@executable_path/Frameworks",
					"@loader_path/Frameworks",
				);
				PRODUCT_BUNDLE_IDENTIFIER = com.yasinehsan.TumblrTests;
				PRODUCT_NAME = "$(TARGET_NAME)";
				SWIFT_VERSION = 4.2;
				TARGETED_DEVICE_FAMILY = "1,2";
				TEST_HOST = "$(BUILT_PRODUCTS_DIR)/Tumblr.app/Tumblr";
			};
			name = Release;
		};
		AA83829B220C73AF00AAADFE /* Debug */ = {
			isa = XCBuildConfiguration;
			buildSettings = {
				ALWAYS_EMBED_SWIFT_STANDARD_LIBRARIES = YES;
				CODE_SIGN_STYLE = Automatic;
				INFOPLIST_FILE = TumblrUITests/Info.plist;
				LD_RUNPATH_SEARCH_PATHS = (
					"$(inherited)",
					"@executable_path/Frameworks",
					"@loader_path/Frameworks",
				);
				PRODUCT_BUNDLE_IDENTIFIER = com.yasinehsan.TumblrUITests;
				PRODUCT_NAME = "$(TARGET_NAME)";
				SWIFT_VERSION = 4.2;
				TARGETED_DEVICE_FAMILY = "1,2";
				TEST_TARGET_NAME = Tumblr;
			};
			name = Debug;
		};
		AA83829C220C73AF00AAADFE /* Release */ = {
			isa = XCBuildConfiguration;
			buildSettings = {
				ALWAYS_EMBED_SWIFT_STANDARD_LIBRARIES = YES;
				CODE_SIGN_STYLE = Automatic;
				INFOPLIST_FILE = TumblrUITests/Info.plist;
				LD_RUNPATH_SEARCH_PATHS = (
					"$(inherited)",
					"@executable_path/Frameworks",
					"@loader_path/Frameworks",
				);
				PRODUCT_BUNDLE_IDENTIFIER = com.yasinehsan.TumblrUITests;
				PRODUCT_NAME = "$(TARGET_NAME)";
				SWIFT_VERSION = 4.2;
				TARGETED_DEVICE_FAMILY = "1,2";
				TEST_TARGET_NAME = Tumblr;
			};
			name = Release;
		};
/* End XCBuildConfiguration section */

/* Begin XCConfigurationList section */
		AA838267220C73AE00AAADFE /* Build configuration list for PBXProject "Tumblr" */ = {
			isa = XCConfigurationList;
			buildConfigurations = (
				AA838292220C73AF00AAADFE /* Debug */,
				AA838293220C73AF00AAADFE /* Release */,
			);
			defaultConfigurationIsVisible = 0;
			defaultConfigurationName = Release;
		};
		AA838294220C73AF00AAADFE /* Build configuration list for PBXNativeTarget "Tumblr" */ = {
			isa = XCConfigurationList;
			buildConfigurations = (
				AA838295220C73AF00AAADFE /* Debug */,
				AA838296220C73AF00AAADFE /* Release */,
			);
			defaultConfigurationIsVisible = 0;
			defaultConfigurationName = Release;
		};
		AA838297220C73AF00AAADFE /* Build configuration list for PBXNativeTarget "TumblrTests" */ = {
			isa = XCConfigurationList;
			buildConfigurations = (
				AA838298220C73AF00AAADFE /* Debug */,
				AA838299220C73AF00AAADFE /* Release */,
			);
			defaultConfigurationIsVisible = 0;
			defaultConfigurationName = Release;
		};
		AA83829A220C73AF00AAADFE /* Build configuration list for PBXNativeTarget "TumblrUITests" */ = {
			isa = XCConfigurationList;
			buildConfigurations = (
				AA83829B220C73AF00AAADFE /* Debug */,
				AA83829C220C73AF00AAADFE /* Release */,
			);
			defaultConfigurationIsVisible = 0;
			defaultConfigurationName = Release;
		};
/* End XCConfigurationList section */
	};
	rootObject = AA838264220C73AE00AAADFE /* Project object */;
}
