// !$*UTF8*$!
{
	archiveVersion = 1;
	classes = {
	};
	objectVersion = 50;
	objects = {

/* Begin PBXBuildFile section */
		2EB056DA295A630CF0B0477F /* Pods_googleMapMarkers.framework in Frameworks */ = {isa = PBXBuildFile; fileRef = F783FA249B331367F24134D0 /* Pods_googleMapMarkers.framework */; };
		AA90030221B7385D00540B39 /* AppDelegate.swift in Sources */ = {isa = PBXBuildFile; fileRef = AA90030121B7385D00540B39 /* AppDelegate.swift */; };
		AA90030421B7385D00540B39 /* ViewController.swift in Sources */ = {isa = PBXBuildFile; fileRef = AA90030321B7385D00540B39 /* ViewController.swift */; };
		AA90030921B7385E00540B39 /* Assets.xcassets in Resources */ = {isa = PBXBuildFile; fileRef = AA90030821B7385E00540B39 /* Assets.xcassets */; };
		AA90030C21B7385E00540B39 /* LaunchScreen.storyboard in Resources */ = {isa = PBXBuildFile; fileRef = AA90030A21B7385E00540B39 /* LaunchScreen.storyboard */; };
		AA90031621B73D3500540B39 /* CustomMarkerView.swift in Sources */ = {isa = PBXBuildFile; fileRef = AA90031521B73D3500540B39 /* CustomMarkerView.swift */; };
		AA90031821B73DA100540B39 /* RestaurantPreviewView.swift in Sources */ = {isa = PBXBuildFile; fileRef = AA90031721B73DA100540B39 /* RestaurantPreviewView.swift */; };
		AA90031A21B73DD700540B39 /* DetailsVC.swift in Sources */ = {isa = PBXBuildFile; fileRef = AA90031921B73DD700540B39 /* DetailsVC.swift */; };
/* End PBXBuildFile section */

/* Begin PBXFileReference section */
		8D8557CC4DC6914BBF977229 /* Pods-googleMapMarkers.release.xcconfig */ = {isa = PBXFileReference; includeInIndex = 1; lastKnownFileType = text.xcconfig; name = "Pods-googleMapMarkers.release.xcconfig"; path = "Pods/Target Support Files/Pods-googleMapMarkers/Pods-googleMapMarkers.release.xcconfig"; sourceTree = "<group>"; };
		AA9002FE21B7385D00540B39 /* googleMapMarkers.app */ = {isa = PBXFileReference; explicitFileType = wrapper.application; includeInIndex = 0; path = googleMapMarkers.app; sourceTree = BUILT_PRODUCTS_DIR; };
		AA90030121B7385D00540B39 /* AppDelegate.swift */ = {isa = PBXFileReference; lastKnownFileType = sourcecode.swift; path = AppDelegate.swift; sourceTree = "<group>"; };
		AA90030321B7385D00540B39 /* ViewController.swift */ = {isa = PBXFileReference; lastKnownFileType = sourcecode.swift; path = ViewController.swift; sourceTree = "<group>"; };
		AA90030821B7385E00540B39 /* Assets.xcassets */ = {isa = PBXFileReference; lastKnownFileType = folder.assetcatalog; path = Assets.xcassets; sourceTree = "<group>"; };
		AA90030B21B7385E00540B39 /* Base */ = {isa = PBXFileReference; lastKnownFileType = file.storyboard; name = Base; path = Base.lproj/LaunchScreen.storyboard; sourceTree = "<group>"; };
		AA90030D21B7385E00540B39 /* Info.plist */ = {isa = PBXFileReference; lastKnownFileType = text.plist.xml; path = Info.plist; sourceTree = "<group>"; };
		AA90031521B73D3500540B39 /* CustomMarkerView.swift */ = {isa = PBXFileReference; lastKnownFileType = sourcecode.swift; path = CustomMarkerView.swift; sourceTree = "<group>"; };
		AA90031721B73DA100540B39 /* RestaurantPreviewView.swift */ = {isa = PBXFileReference; lastKnownFileType = sourcecode.swift; path = RestaurantPreviewView.swift; sourceTree = "<group>"; };
		AA90031921B73DD700540B39 /* DetailsVC.swift */ = {isa = PBXFileReference; lastKnownFileType = sourcecode.swift; path = DetailsVC.swift; sourceTree = "<group>"; };
		E90E28030891A6BC98AA9B09 /* Pods-googleMapMarkers.debug.xcconfig */ = {isa = PBXFileReference; includeInIndex = 1; lastKnownFileType = text.xcconfig; name = "Pods-googleMapMarkers.debug.xcconfig"; path = "Pods/Target Support Files/Pods-googleMapMarkers/Pods-googleMapMarkers.debug.xcconfig"; sourceTree = "<group>"; };
		F783FA249B331367F24134D0 /* Pods_googleMapMarkers.framework */ = {isa = PBXFileReference; explicitFileType = wrapper.framework; includeInIndex = 0; path = Pods_googleMapMarkers.framework; sourceTree = BUILT_PRODUCTS_DIR; };
/* End PBXFileReference section */

/* Begin PBXFrameworksBuildPhase section */
		AA9002FB21B7385D00540B39 /* Frameworks */ = {
			isa = PBXFrameworksBuildPhase;
			buildActionMask = 2147483647;
			files = (
				2EB056DA295A630CF0B0477F /* Pods_googleMapMarkers.framework in Frameworks */,
			);
			runOnlyForDeploymentPostprocessing = 0;
		};
/* End PBXFrameworksBuildPhase section */

/* Begin PBXGroup section */
		4D2E401DA7EAB608F4846E7C /* Frameworks */ = {
			isa = PBXGroup;
			children = (
				F783FA249B331367F24134D0 /* Pods_googleMapMarkers.framework */,
			);
			name = Frameworks;
			sourceTree = "<group>";
		};
		AA9002F521B7385D00540B39 = {
			isa = PBXGroup;
			children = (
				AA90030021B7385D00540B39 /* googleMapMarkers */,
				AA9002FF21B7385D00540B39 /* Products */,
				E18E9A063CA1707AFF567608 /* Pods */,
				4D2E401DA7EAB608F4846E7C /* Frameworks */,
			);
			sourceTree = "<group>";
		};
		AA9002FF21B7385D00540B39 /* Products */ = {
			isa = PBXGroup;
			children = (
				AA9002FE21B7385D00540B39 /* googleMapMarkers.app */,
			);
			name = Products;
			sourceTree = "<group>";
		};
		AA90030021B7385D00540B39 /* googleMapMarkers */ = {
			isa = PBXGroup;
			children = (
				AA90030121B7385D00540B39 /* AppDelegate.swift */,
				AA90030321B7385D00540B39 /* ViewController.swift */,
				AA90030821B7385E00540B39 /* Assets.xcassets */,
				AA90030A21B7385E00540B39 /* LaunchScreen.storyboard */,
				AA90030D21B7385E00540B39 /* Info.plist */,
				AA90031521B73D3500540B39 /* CustomMarkerView.swift */,
				AA90031721B73DA100540B39 /* RestaurantPreviewView.swift */,
				AA90031921B73DD700540B39 /* DetailsVC.swift */,
			);
			path = googleMapMarkers;
			sourceTree = "<group>";
		};
		E18E9A063CA1707AFF567608 /* Pods */ = {
			isa = PBXGroup;
			children = (
				E90E28030891A6BC98AA9B09 /* Pods-googleMapMarkers.debug.xcconfig */,
				8D8557CC4DC6914BBF977229 /* Pods-googleMapMarkers.release.xcconfig */,
			);
			name = Pods;
			sourceTree = "<group>";
		};
/* End PBXGroup section */

/* Begin PBXNativeTarget section */
		AA9002FD21B7385D00540B39 /* googleMapMarkers */ = {
			isa = PBXNativeTarget;
			buildConfigurationList = AA90031021B7385E00540B39 /* Build configuration list for PBXNativeTarget "googleMapMarkers" */;
			buildPhases = (
				943FB14A70BD5394A99C081C /* [CP] Check Pods Manifest.lock */,
				AA9002FA21B7385D00540B39 /* Sources */,
				AA9002FB21B7385D00540B39 /* Frameworks */,
				AA9002FC21B7385D00540B39 /* Resources */,
				47BA66B6E763FD3E749DCE3D /* [CP] Copy Pods Resources */,
			);
			buildRules = (
			);
			dependencies = (
			);
			name = googleMapMarkers;
			productName = googleMapMarkers;
			productReference = AA9002FE21B7385D00540B39 /* googleMapMarkers.app */;
			productType = "com.apple.product-type.application";
		};
/* End PBXNativeTarget section */

/* Begin PBXProject section */
		AA9002F621B7385D00540B39 /* Project object */ = {
			isa = PBXProject;
			attributes = {
				LastSwiftUpdateCheck = 1010;
				LastUpgradeCheck = 1010;
				ORGANIZATIONNAME = "Yasin Ehsan";
				TargetAttributes = {
					AA9002FD21B7385D00540B39 = {
						CreatedOnToolsVersion = 10.1;
					};
				};
			};
			buildConfigurationList = AA9002F921B7385D00540B39 /* Build configuration list for PBXProject "googleMapMarkers" */;
			compatibilityVersion = "Xcode 9.3";
			developmentRegion = en;
			hasScannedForEncodings = 0;
			knownRegions = (
				en,
				Base,
			);
			mainGroup = AA9002F521B7385D00540B39;
			productRefGroup = AA9002FF21B7385D00540B39 /* Products */;
			projectDirPath = "";
			projectRoot = "";
			targets = (
				AA9002FD21B7385D00540B39 /* googleMapMarkers */,
			);
		};
/* End PBXProject section */

/* Begin PBXResourcesBuildPhase section */
		AA9002FC21B7385D00540B39 /* Resources */ = {
			isa = PBXResourcesBuildPhase;
			buildActionMask = 2147483647;
			files = (
				AA90030C21B7385E00540B39 /* LaunchScreen.storyboard in Resources */,
				AA90030921B7385E00540B39 /* Assets.xcassets in Resources */,
			);
			runOnlyForDeploymentPostprocessing = 0;
		};
/* End PBXResourcesBuildPhase section */

/* Begin PBXShellScriptBuildPhase section */
		47BA66B6E763FD3E749DCE3D /* [CP] Copy Pods Resources */ = {
			isa = PBXShellScriptBuildPhase;
			buildActionMask = 2147483647;
			files = (
			);
			inputFileListPaths = (
			);
			inputPaths = (
				"${SRCROOT}/Pods/Target Support Files/Pods-googleMapMarkers/Pods-googleMapMarkers-resources.sh",
				"${PODS_ROOT}/GoogleMaps/Maps/Frameworks/GoogleMaps.framework/Resources/GoogleMaps.bundle",
				"${PODS_ROOT}/GooglePlacePicker/Frameworks/GooglePlacePicker.framework/Resources/GooglePlacePicker.bundle",
				"${PODS_ROOT}/GooglePlaces/Frameworks/GooglePlaces.framework/Resources/GooglePlaces.bundle",
			);
			name = "[CP] Copy Pods Resources";
			outputFileListPaths = (
			);
			outputPaths = (
				"${TARGET_BUILD_DIR}/${UNLOCALIZED_RESOURCES_FOLDER_PATH}/GoogleMaps.bundle",
				"${TARGET_BUILD_DIR}/${UNLOCALIZED_RESOURCES_FOLDER_PATH}/GooglePlacePicker.bundle",
				"${TARGET_BUILD_DIR}/${UNLOCALIZED_RESOURCES_FOLDER_PATH}/GooglePlaces.bundle",
			);
			runOnlyForDeploymentPostprocessing = 0;
			shellPath = /bin/sh;
			shellScript = "\"${SRCROOT}/Pods/Target Support Files/Pods-googleMapMarkers/Pods-googleMapMarkers-resources.sh\"\n";
			showEnvVarsInLog = 0;
		};
		943FB14A70BD5394A99C081C /* [CP] Check Pods Manifest.lock */ = {
			isa = PBXShellScriptBuildPhase;
			buildActionMask = 2147483647;
			files = (
			);
			inputFileListPaths = (
			);
			inputPaths = (
				"${PODS_PODFILE_DIR_PATH}/Podfile.lock",
				"${PODS_ROOT}/Manifest.lock",
			);
			name = "[CP] Check Pods Manifest.lock";
			outputFileListPaths = (
			);
			outputPaths = (
				"$(DERIVED_FILE_DIR)/Pods-googleMapMarkers-checkManifestLockResult.txt",
			);
			runOnlyForDeploymentPostprocessing = 0;
			shellPath = /bin/sh;
			shellScript = "diff \"${PODS_PODFILE_DIR_PATH}/Podfile.lock\" \"${PODS_ROOT}/Manifest.lock\" > /dev/null\nif [ $? != 0 ] ; then\n    # print error to STDERR\n    echo \"error: The sandbox is not in sync with the Podfile.lock. Run 'pod install' or update your CocoaPods installation.\" >&2\n    exit 1\nfi\n# This output is used by Xcode 'outputs' to avoid re-running this script phase.\necho \"SUCCESS\" > \"${SCRIPT_OUTPUT_FILE_0}\"\n";
			showEnvVarsInLog = 0;
		};
/* End PBXShellScriptBuildPhase section */

/* Begin PBXSourcesBuildPhase section */
		AA9002FA21B7385D00540B39 /* Sources */ = {
			isa = PBXSourcesBuildPhase;
			buildActionMask = 2147483647;
			files = (
				AA90031821B73DA100540B39 /* RestaurantPreviewView.swift in Sources */,
				AA90030421B7385D00540B39 /* ViewController.swift in Sources */,
				AA90030221B7385D00540B39 /* AppDelegate.swift in Sources */,
				AA90031621B73D3500540B39 /* CustomMarkerView.swift in Sources */,
				AA90031A21B73DD700540B39 /* DetailsVC.swift in Sources */,
			);
			runOnlyForDeploymentPostprocessing = 0;
		};
/* End PBXSourcesBuildPhase section */

/* Begin PBXVariantGroup section */
		AA90030A21B7385E00540B39 /* LaunchScreen.storyboard */ = {
			isa = PBXVariantGroup;
			children = (
				AA90030B21B7385E00540B39 /* Base */,
			);
			name = LaunchScreen.storyboard;
			sourceTree = "<group>";
		};
/* End PBXVariantGroup section */

/* Begin XCBuildConfiguration section */
		AA90030E21B7385E00540B39 /* Debug */ = {
			isa = XCBuildConfiguration;
			buildSettings = {
				ALWAYS_SEARCH_USER_PATHS = NO;
				CLANG_ANALYZER_NONNULL = YES;
				CLANG_ANALYZER_NUMBER_OBJECT_CONVERSION = YES_AGGRESSIVE;
				CLANG_CXX_LANGUAGE_STANDARD = "gnu++14";
				CLANG_CXX_LIBRARY = "libc++";
				CLANG_ENABLE_MODULES = YES;
				CLANG_ENABLE_OBJC_ARC = YES;
				CLANG_ENABLE_OBJC_WEAK = YES;
				CLANG_WARN_BLOCK_CAPTURE_AUTORELEASING = YES;
				CLANG_WARN_BOOL_CONVERSION = YES;
				CLANG_WARN_COMMA = YES;
				CLANG_WARN_CONSTANT_CONVERSION = YES;
				CLANG_WARN_DEPRECATED_OBJC_IMPLEMENTATIONS = YES;
				CLANG_WARN_DIRECT_OBJC_ISA_USAGE = YES_ERROR;
				CLANG_WARN_DOCUMENTATION_COMMENTS = YES;
				CLANG_WARN_EMPTY_BODY = YES;
				CLANG_WARN_ENUM_CONVERSION = YES;
				CLANG_WARN_INFINITE_RECURSION = YES;
				CLANG_WARN_INT_CONVERSION = YES;
				CLANG_WARN_NON_LITERAL_NULL_CONVERSION = YES;
				CLANG_WARN_OBJC_IMPLICIT_RETAIN_SELF = YES;
				CLANG_WARN_OBJC_LITERAL_CONVERSION = YES;
				CLANG_WARN_OBJC_ROOT_CLASS = YES_ERROR;
				CLANG_WARN_RANGE_LOOP_ANALYSIS = YES;
				CLANG_WARN_STRICT_PROTOTYPES = YES;
				CLANG_WARN_SUSPICIOUS_MOVE = YES;
				CLANG_WARN_UNGUARDED_AVAILABILITY = YES_AGGRESSIVE;
				CLANG_WARN_UNREACHABLE_CODE = YES;
				CLANG_WARN__DUPLICATE_METHOD_MATCH = YES;
				CODE_SIGN_IDENTITY = "iPhone Developer";
				COPY_PHASE_STRIP = NO;
				DEBUG_INFORMATION_FORMAT = dwarf;
				ENABLE_STRICT_OBJC_MSGSEND = YES;
				ENABLE_TESTABILITY = YES;
				GCC_C_LANGUAGE_STANDARD = gnu11;
				GCC_DYNAMIC_NO_PIC = NO;
				GCC_NO_COMMON_BLOCKS = YES;
				GCC_OPTIMIZATION_LEVEL = 0;
				GCC_PREPROCESSOR_DEFINITIONS = (
					"DEBUG=1",
					"$(inherited)",
				);
				GCC_WARN_64_TO_32_BIT_CONVERSION = YES;
				GCC_WARN_ABOUT_RETURN_TYPE = YES_ERROR;
				GCC_WARN_UNDECLARED_SELECTOR = YES;
				GCC_WARN_UNINITIALIZED_AUTOS = YES_AGGRESSIVE;
				GCC_WARN_UNUSED_FUNCTION = YES;
				GCC_WARN_UNUSED_VARIABLE = YES;
				IPHONEOS_DEPLOYMENT_TARGET = 12.1;
				MTL_ENABLE_DEBUG_INFO = INCLUDE_SOURCE;
				MTL_FAST_MATH = YES;
				ONLY_ACTIVE_ARCH = YES;
				SDKROOT = iphoneos;
				SWIFT_ACTIVE_COMPILATION_CONDITIONS = DEBUG;
				SWIFT_OPTIMIZATION_LEVEL = "-Onone";
			};
			name = Debug;
		};
		AA90030F21B7385E00540B39 /* Release */ = {
			isa = XCBuildConfiguration;
			buildSettings = {
				ALWAYS_SEARCH_USER_PATHS = NO;
				CLANG_ANALYZER_NONNULL = YES;
				CLANG_ANALYZER_NUMBER_OBJECT_CONVERSION = YES_AGGRESSIVE;
				CLANG_CXX_LANGUAGE_STANDARD = "gnu++14";
				CLANG_CXX_LIBRARY = "libc++";
				CLANG_ENABLE_MODULES = YES;
				CLANG_ENABLE_OBJC_ARC = YES;
				CLANG_ENABLE_OBJC_WEAK = YES;
				CLANG_WARN_BLOCK_CAPTURE_AUTORELEASING = YES;
				CLANG_WARN_BOOL_CONVERSION = YES;
				CLANG_WARN_COMMA = YES;
				CLANG_WARN_CONSTANT_CONVERSION = YES;
				CLANG_WARN_DEPRECATED_OBJC_IMPLEMENTATIONS = YES;
				CLANG_WARN_DIRECT_OBJC_ISA_USAGE = YES_ERROR;
				CLANG_WARN_DOCUMENTATION_COMMENTS = YES;
				CLANG_WARN_EMPTY_BODY = YES;
				CLANG_WARN_ENUM_CONVERSION = YES;
				CLANG_WARN_INFINITE_RECURSION = YES;
				CLANG_WARN_INT_CONVERSION = YES;
				CLANG_WARN_NON_LITERAL_NULL_CONVERSION = YES;
				CLANG_WARN_OBJC_IMPLICIT_RETAIN_SELF = YES;
				CLANG_WARN_OBJC_LITERAL_CONVERSION = YES;
				CLANG_WARN_OBJC_ROOT_CLASS = YES_ERROR;
				CLANG_WARN_RANGE_LOOP_ANALYSIS = YES;
				CLANG_WARN_STRICT_PROTOTYPES = YES;
				CLANG_WARN_SUSPICIOUS_MOVE = YES;
				CLANG_WARN_UNGUARDED_AVAILABILITY = YES_AGGRESSIVE;
				CLANG_WARN_UNREACHABLE_CODE = YES;
				CLANG_WARN__DUPLICATE_METHOD_MATCH = YES;
				CODE_SIGN_IDENTITY = "iPhone Developer";
				COPY_PHASE_STRIP = NO;
				DEBUG_INFORMATION_FORMAT = "dwarf-with-dsym";
				ENABLE_NS_ASSERTIONS = NO;
				ENABLE_STRICT_OBJC_MSGSEND = YES;
				GCC_C_LANGUAGE_STANDARD = gnu11;
				GCC_NO_COMMON_BLOCKS = YES;
				GCC_WARN_64_TO_32_BIT_CONVERSION = YES;
				GCC_WARN_ABOUT_RETURN_TYPE = YES_ERROR;
				GCC_WARN_UNDECLARED_SELECTOR = YES;
				GCC_WARN_UNINITIALIZED_AUTOS = YES_AGGRESSIVE;
				GCC_WARN_UNUSED_FUNCTION = YES;
				GCC_WARN_UNUSED_VARIABLE = YES;
				IPHONEOS_DEPLOYMENT_TARGET = 12.1;
				MTL_ENABLE_DEBUG_INFO = NO;
				MTL_FAST_MATH = YES;
				SDKROOT = iphoneos;
				SWIFT_COMPILATION_MODE = wholemodule;
				SWIFT_OPTIMIZATION_LEVEL = "-O";
				VALIDATE_PRODUCT = YES;
			};
			name = Release;
		};
		AA90031121B7385E00540B39 /* Debug */ = {
			isa = XCBuildConfiguration;
			baseConfigurationReference = E90E28030891A6BC98AA9B09 /* Pods-googleMapMarkers.debug.xcconfig */;
			buildSettings = {
				ASSETCATALOG_COMPILER_APPICON_NAME = AppIcon;
				CODE_SIGN_STYLE = Automatic;
				DEVELOPMENT_TEAM = 4L2JW8YQE4;
				INFOPLIST_FILE = googleMapMarkers/Info.plist;
				LD_RUNPATH_SEARCH_PATHS = (
					"$(inherited)",
					"@executable_path/Frameworks",
				);
				PRODUCT_BUNDLE_IDENTIFIER = com.yasinehsan.googleMapMarkers;
				PRODUCT_NAME = "$(TARGET_NAME)";
				SWIFT_VERSION = 4.2;
				TARGETED_DEVICE_FAMILY = "1,2";
			};
			name = Debug;
		};
		AA90031221B7385E00540B39 /* Release */ = {
			isa = XCBuildConfiguration;
			baseConfigurationReference = 8D8557CC4DC6914BBF977229 /* Pods-googleMapMarkers.release.xcconfig */;
			buildSettings = {
				ASSETCATALOG_COMPILER_APPICON_NAME = AppIcon;
				CODE_SIGN_STYLE = Automatic;
				DEVELOPMENT_TEAM = 4L2JW8YQE4;
				INFOPLIST_FILE = googleMapMarkers/Info.plist;
				LD_RUNPATH_SEARCH_PATHS = (
					"$(inherited)",
					"@executable_path/Frameworks",
				);
				PRODUCT_BUNDLE_IDENTIFIER = com.yasinehsan.googleMapMarkers;
				PRODUCT_NAME = "$(TARGET_NAME)";
				SWIFT_VERSION = 4.2;
				TARGETED_DEVICE_FAMILY = "1,2";
			};
			name = Release;
		};
/* End XCBuildConfiguration section */

/* Begin XCConfigurationList section */
		AA9002F921B7385D00540B39 /* Build configuration list for PBXProject "googleMapMarkers" */ = {
			isa = XCConfigurationList;
			buildConfigurations = (
				AA90030E21B7385E00540B39 /* Debug */,
				AA90030F21B7385E00540B39 /* Release */,
			);
			defaultConfigurationIsVisible = 0;
			defaultConfigurationName = Release;
		};
		AA90031021B7385E00540B39 /* Build configuration list for PBXNativeTarget "googleMapMarkers" */ = {
			isa = XCConfigurationList;
			buildConfigurations = (
				AA90031121B7385E00540B39 /* Debug */,
				AA90031221B7385E00540B39 /* Release */,
			);
			defaultConfigurationIsVisible = 0;
			defaultConfigurationName = Release;
		};
/* End XCConfigurationList section */
	};
	rootObject = AA9002F621B7385D00540B39 /* Project object */;
}
